
Microsoft Visual Studio Solution File, Format Version 12.00
# Visual Studio Version 16
VisualStudioVersion = 16.0.30503.244
MinimumVisualStudioVersion = 10.0.40219.1
Project("{FAE04EC0-301F-11D3-BF4B-00C04F79EFBC}") = "SalesXamarin.UWP", "SalesXamarin\SalesXamarin.UWP\SalesXamarin.UWP.csproj", "{97CD3D62-169B-485F-9689-E9AC5A16FF18}"
EndProject
Project("{FAE04EC0-301F-11D3-BF4B-00C04F79EFBC}") = "SalesXamarin.Android", "SalesXamarin\SalesXamarin.Android\SalesXamarin.Android.csproj", "{AAA0391F-641A-40B3-9333-7078D1008B3B}"
EndProject
Project("{FAE04EC0-301F-11D3-BF4B-00C04F79EFBC}") = "SalesXamarin.iOS", "SalesXamarin\SalesXamarin.iOS\SalesXamarin.iOS.csproj", "{547D5F82-2C40-4DC7-9F60-2CD60CC9E619}"
EndProject
Project("{9A19103F-16F7-4668-BE54-9A1E7A4F7556}") = "SalesXamarin", "SalesXamarin\SalesXamarin\SalesXamarin.csproj", "{952D79AC-F584-43CD-929B-A5B572A4A764}"
EndProject
Project("{FAE04EC0-301F-11D3-BF4B-00C04F79EFBC}") = "SalesXamarin.Backend", "SalesXamarin.Backend\SalesXamarin.Backend.csproj", "{572064B0-E60F-477C-8BAE-6A90B3264CF0}"
EndProject
Project("{FAE04EC0-301F-11D3-BF4B-00C04F79EFBC}") = "SalesXamarin.API", "SalesXamarin.API\SalesXamarin.API.csproj", "{AAD21FB1-43EF-4649-9F13-6AAF764F7FFF}"
EndProject
Project("{FAE04EC0-301F-11D3-BF4B-00C04F79EFBC}") = "SalesXamarin.Domain", "SalesXamarin.Domain\SalesXamarin.Domain.csproj", "{C7AC1427-23E6-46AE-A638-0E9E12540B22}"
EndProject
Project("{FAE04EC0-301F-11D3-BF4B-00C04F79EFBC}") = "SalesXamarin.Common", "SalesXamarin.Common\SalesXamarin.Common.csproj", "{DA3680B8-CD50-441B-9023-01CEAA657BC9}"
EndProject
Global
	GlobalSection(SolutionConfigurationPlatforms) = preSolution
		Debug|Any CPU = Debug|Any CPU
		Debug|ARM = Debug|ARM
		Debug|iPhone = Debug|iPhone
		Debug|iPhoneSimulator = Debug|iPhoneSimulator
		Debug|x64 = Debug|x64
		Debug|x86 = Debug|x86
		Release|Any CPU = Release|Any CPU
		Release|ARM = Release|ARM
		Release|iPhone = Release|iPhone
		Release|iPhoneSimulator = Release|iPhoneSimulator
		Release|x64 = Release|x64
		Release|x86 = Release|x86
	EndGlobalSection
	GlobalSection(ProjectConfigurationPlatforms) = postSolution
		{97CD3D62-169B-485F-9689-E9AC5A16FF18}.Debug|Any CPU.ActiveCfg = Debug|x86
		{97CD3D62-169B-485F-9689-E9AC5A16FF18}.Debug|Any CPU.Build.0 = Debug|x86
		{97CD3D62-169B-485F-9689-E9AC5A16FF18}.Debug|Any CPU.Deploy.0 = Debug|x86
		{97CD3D62-169B-485F-9689-E9AC5A16FF18}.Debug|ARM.ActiveCfg = Debug|ARM
		{97CD3D62-169B-485F-9689-E9AC5A16FF18}.Debug|ARM.Build.0 = Debug|ARM
		{97CD3D62-169B-485F-9689-E9AC5A16FF18}.Debug|ARM.Deploy.0 = Debug|ARM
		{97CD3D62-169B-485F-9689-E9AC5A16FF18}.Debug|iPhone.ActiveCfg = Debug|x86
		{97CD3D62-169B-485F-9689-E9AC5A16FF18}.Debug|iPhone.Build.0 = Debug|x86
		{97CD3D62-169B-485F-9689-E9AC5A16FF18}.Debug|iPhone.Deploy.0 = Debug|x86
		{97CD3D62-169B-485F-9689-E9AC5A16FF18}.Debug|iPhoneSimulator.ActiveCfg = Debug|x86
		{97CD3D62-169B-485F-9689-E9AC5A16FF18}.Debug|iPhoneSimulator.Build.0 = Debug|x86
		{97CD3D62-169B-485F-9689-E9AC5A16FF18}.Debug|iPhoneSimulator.Deploy.0 = Debug|x86
		{97CD3D62-169B-485F-9689-E9AC5A16FF18}.Debug|x64.ActiveCfg = Debug|x64
		{97CD3D62-169B-485F-9689-E9AC5A16FF18}.Debug|x64.Build.0 = Debug|x64
		{97CD3D62-169B-485F-9689-E9AC5A16FF18}.Debug|x64.Deploy.0 = Debug|x64
		{97CD3D62-169B-485F-9689-E9AC5A16FF18}.Debug|x86.ActiveCfg = Debug|x86
		{97CD3D62-169B-485F-9689-E9AC5A16FF18}.Debug|x86.Build.0 = Debug|x86
		{97CD3D62-169B-485F-9689-E9AC5A16FF18}.Debug|x86.Deploy.0 = Debug|x86
		{97CD3D62-169B-485F-9689-E9AC5A16FF18}.Release|Any CPU.ActiveCfg = Release|x86
		{97CD3D62-169B-485F-9689-E9AC5A16FF18}.Release|Any CPU.Build.0 = Release|x86
		{97CD3D62-169B-485F-9689-E9AC5A16FF18}.Release|Any CPU.Deploy.0 = Release|x86
		{97CD3D62-169B-485F-9689-E9AC5A16FF18}.Release|ARM.ActiveCfg = Release|ARM
		{97CD3D62-169B-485F-9689-E9AC5A16FF18}.Release|ARM.Build.0 = Release|ARM
		{97CD3D62-169B-485F-9689-E9AC5A16FF18}.Release|ARM.Deploy.0 = Release|ARM
		{97CD3D62-169B-485F-9689-E9AC5A16FF18}.Release|iPhone.ActiveCfg = Release|x86
		{97CD3D62-169B-485F-9689-E9AC5A16FF18}.Release|iPhone.Build.0 = Release|x86
		{97CD3D62-169B-485F-9689-E9AC5A16FF18}.Release|iPhone.Deploy.0 = Release|x86
		{97CD3D62-169B-485F-9689-E9AC5A16FF18}.Release|iPhoneSimulator.ActiveCfg = Release|x86
		{97CD3D62-169B-485F-9689-E9AC5A16FF18}.Release|iPhoneSimulator.Build.0 = Release|x86
		{97CD3D62-169B-485F-9689-E9AC5A16FF18}.Release|iPhoneSimulator.Deploy.0 = Release|x86
		{97CD3D62-169B-485F-9689-E9AC5A16FF18}.Release|x64.ActiveCfg = Release|x64
		{97CD3D62-169B-485F-9689-E9AC5A16FF18}.Release|x64.Build.0 = Release|x64
		{97CD3D62-169B-485F-9689-E9AC5A16FF18}.Release|x64.Deploy.0 = Release|x64
		{97CD3D62-169B-485F-9689-E9AC5A16FF18}.Release|x86.ActiveCfg = Release|x86
		{97CD3D62-169B-485F-9689-E9AC5A16FF18}.Release|x86.Build.0 = Release|x86
		{97CD3D62-169B-485F-9689-E9AC5A16FF18}.Release|x86.Deploy.0 = Release|x86
		{AAA0391F-641A-40B3-9333-7078D1008B3B}.Debug|Any CPU.ActiveCfg = Debug|Any CPU
		{AAA0391F-641A-40B3-9333-7078D1008B3B}.Debug|Any CPU.Build.0 = Debug|Any CPU
		{AAA0391F-641A-40B3-9333-7078D1008B3B}.Debug|Any CPU.Deploy.0 = Debug|Any CPU
		{AAA0391F-641A-40B3-9333-7078D1008B3B}.Debug|ARM.ActiveCfg = Debug|Any CPU
		{AAA0391F-641A-40B3-9333-7078D1008B3B}.Debug|ARM.Build.0 = Debug|Any CPU
		{AAA0391F-641A-40B3-9333-7078D1008B3B}.Debug|ARM.Deploy.0 = Debug|Any CPU
		{AAA0391F-641A-40B3-9333-7078D1008B3B}.Debug|iPhone.ActiveCfg = Debug|Any CPU
		{AAA0391F-641A-40B3-9333-7078D1008B3B}.Debug|iPhone.Build.0 = Debug|Any CPU
		{AAA0391F-641A-40B3-9333-7078D1008B3B}.Debug|iPhone.Deploy.0 = Debug|Any CPU
		{AAA0391F-641A-40B3-9333-7078D1008B3B}.Debug|iPhoneSimulator.ActiveCfg = Debug|Any CPU
		{AAA0391F-641A-40B3-9333-7078D1008B3B}.Debug|iPhoneSimulator.Build.0 = Debug|Any CPU
		{AAA0391F-641A-40B3-9333-7078D1008B3B}.Debug|iPhoneSimulator.Deploy.0 = Debug|Any CPU
		{AAA0391F-641A-40B3-9333-7078D1008B3B}.Debug|x64.ActiveCfg = Debug|Any CPU
		{AAA0391F-641A-40B3-9333-7078D1008B3B}.Debug|x64.Build.0 = Debug|Any CPU
		{AAA0391F-641A-40B3-9333-7078D1008B3B}.Debug|x64.Deploy.0 = Debug|Any CPU
		{AAA0391F-641A-40B3-9333-7078D1008B3B}.Debug|x86.ActiveCfg = Debug|Any CPU
		{AAA0391F-641A-40B3-9333-7078D1008B3B}.Debug|x86.Build.0 = Debug|Any CPU
		{AAA0391F-641A-40B3-9333-7078D1008B3B}.Debug|x86.Deploy.0 = Debug|Any CPU
		{AAA0391F-641A-40B3-9333-7078D1008B3B}.Release|Any CPU.ActiveCfg = Release|Any CPU
		{AAA0391F-641A-40B3-9333-7078D1008B3B}.Release|Any CPU.Build.0 = Release|Any CPU
		{AAA0391F-641A-40B3-9333-7078D1008B3B}.Release|Any CPU.Deploy.0 = Release|Any CPU
		{AAA0391F-641A-40B3-9333-7078D1008B3B}.Release|ARM.ActiveCfg = Release|Any CPU
		{AAA0391F-641A-40B3-9333-7078D1008B3B}.Release|ARM.Build.0 = Release|Any CPU
		{AAA0391F-641A-40B3-9333-7078D1008B3B}.Release|ARM.Deploy.0 = Release|Any CPU
		{AAA0391F-641A-40B3-9333-7078D1008B3B}.Release|iPhone.ActiveCfg = Release|Any CPU
		{AAA0391F-641A-40B3-9333-7078D1008B3B}.Release|iPhone.Build.0 = Release|Any CPU
		{AAA0391F-641A-40B3-9333-7078D1008B3B}.Release|iPhone.Deploy.0 = Release|Any CPU
		{AAA0391F-641A-40B3-9333-7078D1008B3B}.Release|iPhoneSimulator.ActiveCfg = Release|Any CPU
		{AAA0391F-641A-40B3-9333-7078D1008B3B}.Release|iPhoneSimulator.Build.0 = Release|Any CPU
		{AAA0391F-641A-40B3-9333-7078D1008B3B}.Release|iPhoneSimulator.Deploy.0 = Release|Any CPU
		{AAA0391F-641A-40B3-9333-7078D1008B3B}.Release|x64.ActiveCfg = Release|Any CPU
		{AAA0391F-641A-40B3-9333-7078D1008B3B}.Release|x64.Build.0 = Release|Any CPU
		{AAA0391F-641A-40B3-9333-7078D1008B3B}.Release|x64.Deploy.0 = Release|Any CPU
		{AAA0391F-641A-40B3-9333-7078D1008B3B}.Release|x86.ActiveCfg = Release|Any CPU
		{AAA0391F-641A-40B3-9333-7078D1008B3B}.Release|x86.Build.0 = Release|Any CPU
		{AAA0391F-641A-40B3-9333-7078D1008B3B}.Release|x86.Deploy.0 = Release|Any CPU
		{547D5F82-2C40-4DC7-9F60-2CD60CC9E619}.Debug|Any CPU.ActiveCfg = Debug|iPhoneSimulator
		{547D5F82-2C40-4DC7-9F60-2CD60CC9E619}.Debug|Any CPU.Build.0 = Debug|iPhoneSimulator
		{547D5F82-2C40-4DC7-9F60-2CD60CC9E619}.Debug|Any CPU.Deploy.0 = Debug|iPhoneSimulator
		{547D5F82-2C40-4DC7-9F60-2CD60CC9E619}.Debug|ARM.ActiveCfg = Debug|iPhone
		{547D5F82-2C40-4DC7-9F60-2CD60CC9E619}.Debug|ARM.Build.0 = Debug|iPhone
		{547D5F82-2C40-4DC7-9F60-2CD60CC9E619}.Debug|ARM.Deploy.0 = Debug|iPhone
		{547D5F82-2C40-4DC7-9F60-2CD60CC9E619}.Debug|iPhone.ActiveCfg = Debug|iPhone
		{547D5F82-2C40-4DC7-9F60-2CD60CC9E619}.Debug|iPhone.Build.0 = Debug|iPhone
		{547D5F82-2C40-4DC7-9F60-2CD60CC9E619}.Debug|iPhone.Deploy.0 = Debug|iPhone
		{547D5F82-2C40-4DC7-9F60-2CD60CC9E619}.Debug|iPhoneSimulator.ActiveCfg = Debug|iPhoneSimulator
		{547D5F82-2C40-4DC7-9F60-2CD60CC9E619}.Debug|iPhoneSimulator.Build.0 = Debug|iPhoneSimulator
		{547D5F82-2C40-4DC7-9F60-2CD60CC9E619}.Debug|iPhoneSimulator.Deploy.0 = Debug|iPhoneSimulator
		{547D5F82-2C40-4DC7-9F60-2CD60CC9E619}.Debug|x64.ActiveCfg = Debug|iPhoneSimulator
		{547D5F82-2C40-4DC7-9F60-2CD60CC9E619}.Debug|x64.Build.0 = Debug|iPhoneSimulator
		{547D5F82-2C40-4DC7-9F60-2CD60CC9E619}.Debug|x64.Deploy.0 = Debug|iPhoneSimulator
		{547D5F82-2C40-4DC7-9F60-2CD60CC9E619}.Debug|x86.ActiveCfg = Debug|iPhoneSimulator
		{547D5F82-2C40-4DC7-9F60-2CD60CC9E619}.Debug|x86.Build.0 = Debug|iPhoneSimulator
		{547D5F82-2C40-4DC7-9F60-2CD60CC9E619}.Debug|x86.Deploy.0 = Debug|iPhoneSimulator
		{547D5F82-2C40-4DC7-9F60-2CD60CC9E619}.Release|Any CPU.ActiveCfg = Release|iPhoneSimulator
		{547D5F82-2C40-4DC7-9F60-2CD60CC9E619}.Release|Any CPU.Build.0 = Release|iPhoneSimulator
		{547D5F82-2C40-4DC7-9F60-2CD60CC9E619}.Release|Any CPU.Deploy.0 = Release|iPhoneSimulator
		{547D5F82-2C40-4DC7-9F60-2CD60CC9E619}.Release|ARM.ActiveCfg = Release|iPhoneSimulator
		{547D5F82-2C40-4DC7-9F60-2CD60CC9E619}.Release|ARM.Build.0 = Release|iPhoneSimulator
		{547D5F82-2C40-4DC7-9F60-2CD60CC9E619}.Release|ARM.Deploy.0 = Release|iPhoneSimulator
		{547D5F82-2C40-4DC7-9F60-2CD60CC9E619}.Release|iPhone.ActiveCfg = Release|iPhone
		{547D5F82-2C40-4DC7-9F60-2CD60CC9E619}.Release|iPhone.Build.0 = Release|iPhone
		{547D5F82-2C40-4DC7-9F60-2CD60CC9E619}.Release|iPhone.Deploy.0 = Release|iPhone
		{547D5F82-2C40-4DC7-9F60-2CD60CC9E619}.Release|iPhoneSimulator.ActiveCfg = Release|iPhoneSimulator
		{547D5F82-2C40-4DC7-9F60-2CD60CC9E619}.Release|iPhoneSimulator.Build.0 = Release|iPhoneSimulator
		{547D5F82-2C40-4DC7-9F60-2CD60CC9E619}.Release|iPhoneSimulator.Deploy.0 = Release|iPhoneSimulator
		{547D5F82-2C40-4DC7-9F60-2CD60CC9E619}.Release|x64.ActiveCfg = Release|iPhoneSimulator
		{547D5F82-2C40-4DC7-9F60-2CD60CC9E619}.Release|x64.Build.0 = Release|iPhoneSimulator
		{547D5F82-2C40-4DC7-9F60-2CD60CC9E619}.Release|x64.Deploy.0 = Release|iPhoneSimulator
		{547D5F82-2C40-4DC7-9F60-2CD60CC9E619}.Release|x86.ActiveCfg = Release|iPhoneSimulator
		{547D5F82-2C40-4DC7-9F60-2CD60CC9E619}.Release|x86.Build.0 = Release|iPhoneSimulator
		{547D5F82-2C40-4DC7-9F60-2CD60CC9E619}.Release|x86.Deploy.0 = Release|iPhoneSimulator
		{952D79AC-F584-43CD-929B-A5B572A4A764}.Debug|Any CPU.ActiveCfg = Debug|Any CPU
		{952D79AC-F584-43CD-929B-A5B572A4A764}.Debug|Any CPU.Build.0 = Debug|Any CPU
		{952D79AC-F584-43CD-929B-A5B572A4A764}.Debug|Any CPU.Deploy.0 = Debug|Any CPU
		{952D79AC-F584-43CD-929B-A5B572A4A764}.Debug|ARM.ActiveCfg = Debug|Any CPU
		{952D79AC-F584-43CD-929B-A5B572A4A764}.Debug|ARM.Build.0 = Debug|Any CPU
		{952D79AC-F584-43CD-929B-A5B572A4A764}.Debug|ARM.Deploy.0 = Debug|Any CPU
		{952D79AC-F584-43CD-929B-A5B572A4A764}.Debug|iPhone.ActiveCfg = Debug|Any CPU
		{952D79AC-F584-43CD-929B-A5B572A4A764}.Debug|iPhone.Build.0 = Debug|Any CPU
		{952D79AC-F584-43CD-929B-A5B572A4A764}.Debug|iPhone.Deploy.0 = Debug|Any CPU
		{952D79AC-F584-43CD-929B-A5B572A4A764}.Debug|iPhoneSimulator.ActiveCfg = Debug|Any CPU
		{952D79AC-F584-43CD-929B-A5B572A4A764}.Debug|iPhoneSimulator.Build.0 = Debug|Any CPU
		{952D79AC-F584-43CD-929B-A5B572A4A764}.Debug|iPhoneSimulator.Deploy.0 = Debug|Any CPU
		{952D79AC-F584-43CD-929B-A5B572A4A764}.Debug|x64.ActiveCfg = Debug|Any CPU
		{952D79AC-F584-43CD-929B-A5B572A4A764}.Debug|x64.Build.0 = Debug|Any CPU
		{952D79AC-F584-43CD-929B-A5B572A4A764}.Debug|x64.Deploy.0 = Debug|Any CPU
		{952D79AC-F584-43CD-929B-A5B572A4A764}.Debug|x86.ActiveCfg = Debug|Any CPU
		{952D79AC-F584-43CD-929B-A5B572A4A764}.Debug|x86.Build.0 = Debug|Any CPU
		{952D79AC-F584-43CD-929B-A5B572A4A764}.Debug|x86.Deploy.0 = Debug|Any CPU
		{952D79AC-F584-43CD-929B-A5B572A4A764}.Release|Any CPU.ActiveCfg = Release|Any CPU
		{952D79AC-F584-43CD-929B-A5B572A4A764}.Release|Any CPU.Build.0 = Release|Any CPU
		{952D79AC-F584-43CD-929B-A5B572A4A764}.Release|Any CPU.Deploy.0 = Release|Any CPU
		{952D79AC-F584-43CD-929B-A5B572A4A764}.Release|ARM.ActiveCfg = Release|Any CPU
		{952D79AC-F584-43CD-929B-A5B572A4A764}.Release|ARM.Build.0 = Release|Any CPU
		{952D79AC-F584-43CD-929B-A5B572A4A764}.Release|ARM.Deploy.0 = Release|Any CPU
		{952D79AC-F584-43CD-929B-A5B572A4A764}.Release|iPhone.ActiveCfg = Release|Any CPU
		{952D79AC-F584-43CD-929B-A5B572A4A764}.Release|iPhone.Build.0 = Release|Any CPU
		{952D79AC-F584-43CD-929B-A5B572A4A764}.Release|iPhone.Deploy.0 = Release|Any CPU
		{952D79AC-F584-43CD-929B-A5B572A4A764}.Release|iPhoneSimulator.ActiveCfg = Release|Any CPU
		{952D79AC-F584-43CD-929B-A5B572A4A764}.Release|iPhoneSimulator.Build.0 = Release|Any CPU
		{952D79AC-F584-43CD-929B-A5B572A4A764}.Release|iPhoneSimulator.Deploy.0 = Release|Any CPU
		{952D79AC-F584-43CD-929B-A5B572A4A764}.Release|x64.ActiveCfg = Release|Any CPU
		{952D79AC-F584-43CD-929B-A5B572A4A764}.Release|x64.Build.0 = Release|Any CPU
		{952D79AC-F584-43CD-929B-A5B572A4A764}.Release|x64.Deploy.0 = Release|Any CPU
		{952D79AC-F584-43CD-929B-A5B572A4A764}.Release|x86.ActiveCfg = Release|Any CPU
		{952D79AC-F584-43CD-929B-A5B572A4A764}.Release|x86.Build.0 = Release|Any CPU
		{952D79AC-F584-43CD-929B-A5B572A4A764}.Release|x86.Deploy.0 = Release|Any CPU
		{572064B0-E60F-477C-8BAE-6A90B3264CF0}.Debug|Any CPU.ActiveCfg = Debug|Any CPU
		{572064B0-E60F-477C-8BAE-6A90B3264CF0}.Debug|Any CPU.Build.0 = Debug|Any CPU
		{572064B0-E60F-477C-8BAE-6A90B3264CF0}.Debug|ARM.ActiveCfg = Debug|Any CPU
		{572064B0-E60F-477C-8BAE-6A90B3264CF0}.Debug|ARM.Build.0 = Debug|Any CPU
		{572064B0-E60F-477C-8BAE-6A90B3264CF0}.Debug|iPhone.ActiveCfg = Debug|Any CPU
		{572064B0-E60F-477C-8BAE-6A90B3264CF0}.Debug|iPhone.Build.0 = Debug|Any CPU
		{572064B0-E60F-477C-8BAE-6A90B3264CF0}.Debug|iPhoneSimulator.ActiveCfg = Debug|Any CPU
		{572064B0-E60F-477C-8BAE-6A90B3264CF0}.Debug|iPhoneSimulator.Build.0 = Debug|Any CPU
		{572064B0-E60F-477C-8BAE-6A90B3264CF0}.Debug|x64.ActiveCfg = Debug|Any CPU
		{572064B0-E60F-477C-8BAE-6A90B3264CF0}.Debug|x64.Build.0 = Debug|Any CPU
		{572064B0-E60F-477C-8BAE-6A90B3264CF0}.Debug|x86.ActiveCfg = Debug|Any CPU
		{572064B0-E60F-477C-8BAE-6A90B3264CF0}.Debug|x86.Build.0 = Debug|Any CPU
		{572064B0-E60F-477C-8BAE-6A90B3264CF0}.Release|Any CPU.ActiveCfg = Release|Any CPU
		{572064B0-E60F-477C-8BAE-6A90B3264CF0}.Release|Any CPU.Build.0 = Release|Any CPU
		{572064B0-E60F-477C-8BAE-6A90B3264CF0}.Release|ARM.ActiveCfg = Release|Any CPU
		{572064B0-E60F-477C-8BAE-6A90B3264CF0}.Release|ARM.Build.0 = Release|Any CPU
		{572064B0-E60F-477C-8BAE-6A90B3264CF0}.Release|iPhone.ActiveCfg = Release|Any CPU
		{572064B0-E60F-477C-8BAE-6A90B3264CF0}.Release|iPhone.Build.0 = Release|Any CPU
		{572064B0-E60F-477C-8BAE-6A90B3264CF0}.Release|iPhoneSimulator.ActiveCfg = Release|Any CPU
		{572064B0-E60F-477C-8BAE-6A90B3264CF0}.Release|iPhoneSimulator.Build.0 = Release|Any CPU
		{572064B0-E60F-477C-8BAE-6A90B3264CF0}.Release|x64.ActiveCfg = Release|Any CPU
		{572064B0-E60F-477C-8BAE-6A90B3264CF0}.Release|x64.Build.0 = Release|Any CPU
		{572064B0-E60F-477C-8BAE-6A90B3264CF0}.Release|x86.ActiveCfg = Release|Any CPU
		{572064B0-E60F-477C-8BAE-6A90B3264CF0}.Release|x86.Build.0 = Release|Any CPU
		{AAD21FB1-43EF-4649-9F13-6AAF764F7FFF}.Debug|Any CPU.ActiveCfg = Debug|Any CPU
		{AAD21FB1-43EF-4649-9F13-6AAF764F7FFF}.Debug|Any CPU.Build.0 = Debug|Any CPU
		{AAD21FB1-43EF-4649-9F13-6AAF764F7FFF}.Debug|ARM.ActiveCfg = Debug|Any CPU
		{AAD21FB1-43EF-4649-9F13-6AAF764F7FFF}.Debug|ARM.Build.0 = Debug|Any CPU
		{AAD21FB1-43EF-4649-9F13-6AAF764F7FFF}.Debug|iPhone.ActiveCfg = Debug|Any CPU
		{AAD21FB1-43EF-4649-9F13-6AAF764F7FFF}.Debug|iPhone.Build.0 = Debug|Any CPU
		{AAD21FB1-43EF-4649-9F13-6AAF764F7FFF}.Debug|iPhoneSimulator.ActiveCfg = Debug|Any CPU
		{AAD21FB1-43EF-4649-9F13-6AAF764F7FFF}.Debug|iPhoneSimulator.Build.0 = Debug|Any CPU
		{AAD21FB1-43EF-4649-9F13-6AAF764F7FFF}.Debug|x64.ActiveCfg = Debug|Any CPU
		{AAD21FB1-43EF-4649-9F13-6AAF764F7FFF}.Debug|x64.Build.0 = Debug|Any CPU
		{AAD21FB1-43EF-4649-9F13-6AAF764F7FFF}.Debug|x86.ActiveCfg = Debug|Any CPU
		{AAD21FB1-43EF-4649-9F13-6AAF764F7FFF}.Debug|x86.Build.0 = Debug|Any CPU
		{AAD21FB1-43EF-4649-9F13-6AAF764F7FFF}.Release|Any CPU.ActiveCfg = Release|Any CPU
		{AAD21FB1-43EF-4649-9F13-6AAF764F7FFF}.Release|Any CPU.Build.0 = Release|Any CPU
		{AAD21FB1-43EF-4649-9F13-6AAF764F7FFF}.Release|ARM.ActiveCfg = Release|Any CPU
		{AAD21FB1-43EF-4649-9F13-6AAF764F7FFF}.Release|ARM.Build.0 = Release|Any CPU
		{AAD21FB1-43EF-4649-9F13-6AAF764F7FFF}.Release|iPhone.ActiveCfg = Release|Any CPU
		{AAD21FB1-43EF-4649-9F13-6AAF764F7FFF}.Release|iPhone.Build.0 = Release|Any CPU
		{AAD21FB1-43EF-4649-9F13-6AAF764F7FFF}.Release|iPhoneSimulator.ActiveCfg = Release|Any CPU
		{AAD21FB1-43EF-4649-9F13-6AAF764F7FFF}.Release|iPhoneSimulator.Build.0 = Release|Any CPU
		{AAD21FB1-43EF-4649-9F13-6AAF764F7FFF}.Release|x64.ActiveCfg = Release|Any CPU
		{AAD21FB1-43EF-4649-9F13-6AAF764F7FFF}.Release|x64.Build.0 = Release|Any CPU
		{AAD21FB1-43EF-4649-9F13-6AAF764F7FFF}.Release|x86.ActiveCfg = Release|Any CPU
		{AAD21FB1-43EF-4649-9F13-6AAF764F7FFF}.Release|x86.Build.0 = Release|Any CPU
		{C7AC1427-23E6-46AE-A638-0E9E12540B22}.Debug|Any CPU.ActiveCfg = Debug|Any CPU
		{C7AC1427-23E6-46AE-A638-0E9E12540B22}.Debug|Any CPU.Build.0 = Debug|Any CPU
		{C7AC1427-23E6-46AE-A638-0E9E12540B22}.Debug|ARM.ActiveCfg = Debug|Any CPU
		{C7AC1427-23E6-46AE-A638-0E9E12540B22}.Debug|ARM.Build.0 = Debug|Any CPU
		{C7AC1427-23E6-46AE-A638-0E9E12540B22}.Debug|iPhone.ActiveCfg = Debug|Any CPU
		{C7AC1427-23E6-46AE-A638-0E9E12540B22}.Debug|iPhone.Build.0 = Debug|Any CPU
		{C7AC1427-23E6-46AE-A638-0E9E12540B22}.Debug|iPhoneSimulator.ActiveCfg = Debug|Any CPU
		{C7AC1427-23E6-46AE-A638-0E9E12540B22}.Debug|iPhoneSimulator.Build.0 = Debug|Any CPU
		{C7AC1427-23E6-46AE-A638-0E9E12540B22}.Debug|x64.ActiveCfg = Debug|Any CPU
		{C7AC1427-23E6-46AE-A638-0E9E12540B22}.Debug|x64.Build.0 = Debug|Any CPU
		{C7AC1427-23E6-46AE-A638-0E9E12540B22}.Debug|x86.ActiveCfg = Debug|Any CPU
		{C7AC1427-23E6-46AE-A638-0E9E12540B22}.Debug|x86.Build.0 = Debug|Any CPU
		{C7AC1427-23E6-46AE-A638-0E9E12540B22}.Release|Any CPU.ActiveCfg = Release|Any CPU
		{C7AC1427-23E6-46AE-A638-0E9E12540B22}.Release|Any CPU.Build.0 = Release|Any CPU
		{C7AC1427-23E6-46AE-A638-0E9E12540B22}.Release|ARM.ActiveCfg = Release|Any CPU
		{C7AC1427-23E6-46AE-A638-0E9E12540B22}.Release|ARM.Build.0 = Release|Any CPU
		{C7AC1427-23E6-46AE-A638-0E9E12540B22}.Release|iPhone.ActiveCfg = Release|Any CPU
		{C7AC1427-23E6-46AE-A638-0E9E12540B22}.Release|iPhone.Build.0 = Release|Any CPU
		{C7AC1427-23E6-46AE-A638-0E9E12540B22}.Release|iPhoneSimulator.ActiveCfg = Release|Any CPU
		{C7AC1427-23E6-46AE-A638-0E9E12540B22}.Release|iPhoneSimulator.Build.0 = Release|Any CPU
		{C7AC1427-23E6-46AE-A638-0E9E12540B22}.Release|x64.ActiveCfg = Release|Any CPU
		{C7AC1427-23E6-46AE-A638-0E9E12540B22}.Release|x64.Build.0 = Release|Any CPU
		{C7AC1427-23E6-46AE-A638-0E9E12540B22}.Release|x86.ActiveCfg = Release|Any CPU
		{C7AC1427-23E6-46AE-A638-0E9E12540B22}.Release|x86.Build.0 = Release|Any CPU
		{DA3680B8-CD50-441B-9023-01CEAA657BC9}.Debug|Any CPU.ActiveCfg = Debug|Any CPU
		{DA3680B8-CD50-441B-9023-01CEAA657BC9}.Debug|Any CPU.Build.0 = Debug|Any CPU
		{DA3680B8-CD50-441B-9023-01CEAA657BC9}.Debug|ARM.ActiveCfg = Debug|Any CPU
		{DA3680B8-CD50-441B-9023-01CEAA657BC9}.Debug|ARM.Build.0 = Debug|Any CPU
		{DA3680B8-CD50-441B-9023-01CEAA657BC9}.Debug|iPhone.ActiveCfg = Debug|Any CPU
		{DA3680B8-CD50-441B-9023-01CEAA657BC9}.Debug|iPhone.Build.0 = Debug|Any CPU
		{DA3680B8-CD50-441B-9023-01CEAA657BC9}.Debug|iPhoneSimulator.ActiveCfg = Debug|Any CPU
		{DA3680B8-CD50-441B-9023-01CEAA657BC9}.Debug|iPhoneSimulator.Build.0 = Debug|Any CPU
		{DA3680B8-CD50-441B-9023-01CEAA657BC9}.Debug|x64.ActiveCfg = Debug|Any CPU
		{DA3680B8-CD50-441B-9023-01CEAA657BC9}.Debug|x64.Build.0 = Debug|Any CPU
		{DA3680B8-CD50-441B-9023-01CEAA657BC9}.Debug|x86.ActiveCfg = Debug|Any CPU
		{DA3680B8-CD50-441B-9023-01CEAA657BC9}.Debug|x86.Build.0 = Debug|Any CPU
		{DA3680B8-CD50-441B-9023-01CEAA657BC9}.Release|Any CPU.ActiveCfg = Release|Any CPU
		{DA3680B8-CD50-441B-9023-01CEAA657BC9}.Release|Any CPU.Build.0 = Release|Any CPU
		{DA3680B8-CD50-441B-9023-01CEAA657BC9}.Release|ARM.ActiveCfg = Release|Any CPU
		{DA3680B8-CD50-441B-9023-01CEAA657BC9}.Release|ARM.Build.0 = Release|Any CPU
		{DA3680B8-CD50-441B-9023-01CEAA657BC9}.Release|iPhone.ActiveCfg = Release|Any CPU
		{DA3680B8-CD50-441B-9023-01CEAA657BC9}.Release|iPhone.Build.0 = Release|Any CPU
		{DA3680B8-CD50-441B-9023-01CEAA657BC9}.Release|iPhoneSimulator.ActiveCfg = Release|Any CPU
		{DA3680B8-CD50-441B-9023-01CEAA657BC9}.Release|iPhoneSimulator.Build.0 = Release|Any CPU
		{DA3680B8-CD50-441B-9023-01CEAA657BC9}.Release|x64.ActiveCfg = Release|Any CPU
		{DA3680B8-CD50-441B-9023-01CEAA657BC9}.Release|x64.Build.0 = Release|Any CPU
		{DA3680B8-CD50-441B-9023-01CEAA657BC9}.Release|x86.ActiveCfg = Release|Any CPU
		{DA3680B8-CD50-441B-9023-01CEAA657BC9}.Release|x86.Build.0 = Release|Any CPU
	EndGlobalSection
	GlobalSection(SolutionProperties) = preSolution
		HideSolutionNode = FALSE
	EndGlobalSection
	GlobalSection(ExtensibilityGlobals) = postSolution
		SolutionGuid = {FAAC0A1C-1455-42AF-ABC0-71DB0133568D}
	EndGlobalSection
EndGlobal
